
Microsoft Visual Studio Solution File, Format Version 12.00
# Visual Studio Version 17
VisualStudioVersion = 17.4.33205.214
MinimumVisualStudioVersion = 10.0.40219.1
Project("{FAE04EC0-301F-11D3-BF4B-00C04F79EFBC}") = "Practice.API", "Practice.API\Practice.API.csproj", "{7C94E712-353E-4932-AF39-7A00A3C08D20}"
EndProject
Global
	GlobalSection(SolutionConfigurationPlatforms) = preSolution
		Debug|Any CPU = Debug|Any CPU
		Release|Any CPU = Release|Any CPU
	EndGlobalSection
	GlobalSection(ProjectConfigurationPlatforms) = postSolution
		{7C94E712-353E-4932-AF39-7A00A3C08D20}.Debug|Any CPU.ActiveCfg = Debug|Any CPU
		{7C94E712-353E-4932-AF39-7A00A3C08D20}.Debug|Any CPU.Build.0 = Debug|Any CPU
		{7C94E712-353E-4932-AF39-7A00A3C08D20}.Release|Any CPU.ActiveCfg = Release|Any CPU
		{7C94E712-353E-4932-AF39-7A00A3C08D20}.Release|Any CPU.Build.0 = Release|Any CPU
	EndGlobalSection
	GlobalSection(SolutionProperties) = preSolution
		HideSolutionNode = FALSE
	EndGlobalSection
	GlobalSection(ExtensibilityGlobals) = postSolution
		SolutionGuid = {92BB9D0F-DA33-4D68-8B79-1FFD5C5D0978}
	EndGlobalSection
EndGlobal
